// !$*UTF8*$!
{
	archiveVersion = 1;
	classes = {
	};
	objectVersion = 46;
	objects = {

/* Begin PBXBuildFile section */
		27497F1919DED504009B4E79 /* GDAL.framework in CopyFiles */ = {isa = PBXBuildFile; fileRef = 270F1D7C19DECC890047DD67 /* GDAL.framework */; settings = {ATTRIBUTES = (CodeSignOnCopy, RemoveHeadersOnCopy, ); }; };
		27497F1A19DED504009B4E79 /* GEOS.framework in CopyFiles */ = {isa = PBXBuildFile; fileRef = 270F1D7D19DECC890047DD67 /* GEOS.framework */; settings = {ATTRIBUTES = (CodeSignOnCopy, RemoveHeadersOnCopy, ); }; };
		27497F1B19DED504009B4E79 /* PROJ.framework in CopyFiles */ = {isa = PBXBuildFile; fileRef = 270F1D7E19DECC890047DD67 /* PROJ.framework */; settings = {ATTRIBUTES = (CodeSignOnCopy, RemoveHeadersOnCopy, ); }; };
		27497F1C19DED504009B4E79 /* SQLite3.framework in CopyFiles */ = {isa = PBXBuildFile; fileRef = 270F1D7F19DECC890047DD67 /* SQLite3.framework */; settings = {ATTRIBUTES = (CodeSignOnCopy, RemoveHeadersOnCopy, ); }; };
		27497F1D19DED504009B4E79 /* UnixImageIO.framework in CopyFiles */ = {isa = PBXBuildFile; fileRef = 270F1D8019DECC890047DD67 /* UnixImageIO.framework */; settings = {ATTRIBUTES = (CodeSignOnCopy, RemoveHeadersOnCopy, ); }; };
		27497F1E19DED523009B4E79 /* GDAL.framework in Frameworks */ = {isa = PBXBuildFile; fileRef = 270F1D7C19DECC890047DD67 /* GDAL.framework */; };
		27497F1F19DED523009B4E79 /* GEOS.framework in Frameworks */ = {isa = PBXBuildFile; fileRef = 270F1D7D19DECC890047DD67 /* GEOS.framework */; };
		27497F2019DED523009B4E79 /* PROJ.framework in Frameworks */ = {isa = PBXBuildFile; fileRef = 270F1D7E19DECC890047DD67 /* PROJ.framework */; };
		27497F2119DED523009B4E79 /* SQLite3.framework in Frameworks */ = {isa = PBXBuildFile; fileRef = 270F1D7F19DECC890047DD67 /* SQLite3.framework */; };
		27497F2219DED523009B4E79 /* UnixImageIO.framework in Frameworks */ = {isa = PBXBuildFile; fileRef = 270F1D8019DECC890047DD67 /* UnixImageIO.framework */; };
		27497F2519DEDDF3009B4E79 /* GeoMapReproject.cpp in Sources */ = {isa = PBXBuildFile; fileRef = 27497F2319DEDDF3009B4E79 /* GeoMapReproject.cpp */; };
		2758C36319DAF382004810CF /* GeoMapGCPTableCellView.m in Sources */ = {isa = PBXBuildFile; fileRef = 2758C36219DAF382004810CF /* GeoMapGCPTableCellView.m */; };
		2758C36919DB01FB004810CF /* GeoMapToolbarButton.m in Sources */ = {isa = PBXBuildFile; fileRef = 2758C36819DB01FB004810CF /* GeoMapToolbarButton.m */; };
		276A598719D9E9AC0013A00F /* GeoMapGCP.m in Sources */ = {isa = PBXBuildFile; fileRef = 276A598619D9E9AC0013A00F /* GeoMapGCP.m */; };
		278CC20D19D33C04002E34C7 /* GeoMapImageView.m in Sources */ = {isa = PBXBuildFile; fileRef = 278CC20C19D33C04002E34C7 /* GeoMapImageView.m */; };
		27B55D0019C9D4AE0018F328 /* InfoPlist.strings in Resources */ = {isa = PBXBuildFile; fileRef = 27B55CFE19C9D4AE0018F328 /* InfoPlist.strings */; };
		27B55D0219C9D4AE0018F328 /* main.m in Sources */ = {isa = PBXBuildFile; fileRef = 27B55D0119C9D4AE0018F328 /* main.m */; };
		27B55D0619C9D4AE0018F328 /* Credits.rtf in Resources */ = {isa = PBXBuildFile; fileRef = 27B55D0419C9D4AE0018F328 /* Credits.rtf */; };
		27B55D0919C9D4AE0018F328 /* GeoMapDocument.m in Sources */ = {isa = PBXBuildFile; fileRef = 27B55D0819C9D4AE0018F328 /* GeoMapDocument.m */; };
		27B55D0C19C9D4AE0018F328 /* GeoMapDocument.xib in Resources */ = {isa = PBXBuildFile; fileRef = 27B55D0A19C9D4AE0018F328 /* GeoMapDocument.xib */; };
		27B55D0F19C9D4AE0018F328 /* MainMenu.xib in Resources */ = {isa = PBXBuildFile; fileRef = 27B55D0D19C9D4AE0018F328 /* MainMenu.xib */; };
		27B55D1119C9D4AE0018F328 /* Images.xcassets in Resources */ = {isa = PBXBuildFile; fileRef = 27B55D1019C9D4AE0018F328 /* Images.xcassets */; };
		27B55D1819C9D4AE0018F328 /* XCTest.framework in Frameworks */ = {isa = PBXBuildFile; fileRef = 27B55D1719C9D4AE0018F328 /* XCTest.framework */; };
		27B55D1919C9D4AE0018F328 /* Cocoa.framework in Frameworks */ = {isa = PBXBuildFile; fileRef = 27B55CF519C9D4AE0018F328 /* Cocoa.framework */; };
		27B55D2119C9D4AE0018F328 /* InfoPlist.strings in Resources */ = {isa = PBXBuildFile; fileRef = 27B55D1F19C9D4AE0018F328 /* InfoPlist.strings */; };
		27B55D2319C9D4AE0018F328 /* GeoMapTests.m in Sources */ = {isa = PBXBuildFile; fileRef = 27B55D2219C9D4AE0018F328 /* GeoMapTests.m */; };
		27B55D2E19C9D4C60018F328 /* GeoMapToolbarItem.m in Sources */ = {isa = PBXBuildFile; fileRef = 27B55D2D19C9D4C60018F328 /* GeoMapToolbarItem.m */; };
		27B55D3219C9E6720018F328 /* GeoMapScrollView.m in Sources */ = {isa = PBXBuildFile; fileRef = 27B55D3119C9E6720018F328 /* GeoMapScrollView.m */; };
/* End PBXBuildFile section */

/* Begin PBXContainerItemProxy section */
		27B55D1A19C9D4AE0018F328 /* PBXContainerItemProxy */ = {
			isa = PBXContainerItemProxy;
			containerPortal = 27B55CEA19C9D4AE0018F328 /* Project object */;
			proxyType = 1;
			remoteGlobalIDString = 27B55CF119C9D4AE0018F328;
			remoteInfo = GeoMap;
		};
/* End PBXContainerItemProxy section */

/* Begin PBXCopyFilesBuildPhase section */
		270F1D7A19DECC3A0047DD67 /* CopyFiles */ = {
			isa = PBXCopyFilesBuildPhase;
			buildActionMask = 12;
			dstPath = "";
			dstSubfolderSpec = 10;
			files = (
				27497F1919DED504009B4E79 /* GDAL.framework in CopyFiles */,
				27497F1A19DED504009B4E79 /* GEOS.framework in CopyFiles */,
				27497F1B19DED504009B4E79 /* PROJ.framework in CopyFiles */,
				27497F1C19DED504009B4E79 /* SQLite3.framework in CopyFiles */,
				27497F1D19DED504009B4E79 /* UnixImageIO.framework in CopyFiles */,
			);
			runOnlyForDeploymentPostprocessing = 0;
		};
/* End PBXCopyFilesBuildPhase section */

/* Begin PBXFileReference section */
		270F1D7C19DECC890047DD67 /* GDAL.framework */ = {isa = PBXFileReference; lastKnownFileType = wrapper.framework; path = GDAL.framework; sourceTree = "<group>"; };
		270F1D7D19DECC890047DD67 /* GEOS.framework */ = {isa = PBXFileReference; lastKnownFileType = wrapper.framework; path = GEOS.framework; sourceTree = "<group>"; };
		270F1D7E19DECC890047DD67 /* PROJ.framework */ = {isa = PBXFileReference; lastKnownFileType = wrapper.framework; path = PROJ.framework; sourceTree = "<group>"; };
		270F1D7F19DECC890047DD67 /* SQLite3.framework */ = {isa = PBXFileReference; lastKnownFileType = wrapper.framework; path = SQLite3.framework; sourceTree = "<group>"; };
		270F1D8019DECC890047DD67 /* UnixImageIO.framework */ = {isa = PBXFileReference; lastKnownFileType = wrapper.framework; path = UnixImageIO.framework; sourceTree = "<group>"; };
		27497F0E19DED3BC009B4E79 /* GDAL.framework */ = {isa = PBXFileReference; lastKnownFileType = wrapper.framework; name = GDAL.framework; path = ../../../../Library/Frameworks/GDAL.framework; sourceTree = "<group>"; };
		27497F0F19DED3BC009B4E79 /* GEOS.framework */ = {isa = PBXFileReference; lastKnownFileType = wrapper.framework; name = GEOS.framework; path = ../../../../Library/Frameworks/GEOS.framework; sourceTree = "<group>"; };
		27497F1019DED3BC009B4E79 /* PROJ.framework */ = {isa = PBXFileReference; lastKnownFileType = wrapper.framework; name = PROJ.framework; path = ../../../../Library/Frameworks/PROJ.framework; sourceTree = "<group>"; };
		27497F1119DED3BC009B4E79 /* SQLite3.framework */ = {isa = PBXFileReference; lastKnownFileType = wrapper.framework; name = SQLite3.framework; path = ../../../../Library/Frameworks/SQLite3.framework; sourceTree = "<group>"; };
		27497F1219DED3BC009B4E79 /* UnixImageIO.framework */ = {isa = PBXFileReference; lastKnownFileType = wrapper.framework; name = UnixImageIO.framework; path = ../../../../Library/Frameworks/UnixImageIO.framework; sourceTree = "<group>"; };
		27497F2319DEDDF3009B4E79 /* GeoMapReproject.cpp */ = {isa = PBXFileReference; fileEncoding = 4; lastKnownFileType = sourcecode.cpp.cpp; path = GeoMapReproject.cpp; sourceTree = "<group>"; };
		27497F2419DEDDF3009B4E79 /* GeoMapReproject.h */ = {isa = PBXFileReference; explicitFileType = sourcecode.cpp.h; fileEncoding = 4; path = GeoMapReproject.h; sourceTree = "<group>"; };
		2758C36119DAF382004810CF /* GeoMapGCPTableCellView.h */ = {isa = PBXFileReference; fileEncoding = 4; lastKnownFileType = sourcecode.c.h; path = GeoMapGCPTableCellView.h; sourceTree = "<group>"; };
		2758C36219DAF382004810CF /* GeoMapGCPTableCellView.m */ = {isa = PBXFileReference; fileEncoding = 4; lastKnownFileType = sourcecode.c.objc; path = GeoMapGCPTableCellView.m; sourceTree = "<group>"; };
		2758C36719DB01FB004810CF /* GeoMapToolbarButton.h */ = {isa = PBXFileReference; fileEncoding = 4; lastKnownFileType = sourcecode.c.h; path = GeoMapToolbarButton.h; sourceTree = "<group>"; };
		2758C36819DB01FB004810CF /* GeoMapToolbarButton.m */ = {isa = PBXFileReference; fileEncoding = 4; lastKnownFileType = sourcecode.c.objc; path = GeoMapToolbarButton.m; sourceTree = "<group>"; };
		276A598519D9E9AC0013A00F /* GeoMapGCP.h */ = {isa = PBXFileReference; fileEncoding = 4; lastKnownFileType = sourcecode.c.h; path = GeoMapGCP.h; sourceTree = "<group>"; };
		276A598619D9E9AC0013A00F /* GeoMapGCP.m */ = {isa = PBXFileReference; fileEncoding = 4; lastKnownFileType = sourcecode.c.objc; path = GeoMapGCP.m; sourceTree = "<group>"; };
		278CC20B19D33C04002E34C7 /* GeoMapImageView.h */ = {isa = PBXFileReference; fileEncoding = 4; lastKnownFileType = sourcecode.c.h; path = GeoMapImageView.h; sourceTree = "<group>"; };
		278CC20C19D33C04002E34C7 /* GeoMapImageView.m */ = {isa = PBXFileReference; fileEncoding = 4; lastKnownFileType = sourcecode.c.objc; path = GeoMapImageView.m; sourceTree = "<group>"; };
		27B55CF219C9D4AE0018F328 /* GeoMap.app */ = {isa = PBXFileReference; explicitFileType = wrapper.application; includeInIndex = 0; path = GeoMap.app; sourceTree = BUILT_PRODUCTS_DIR; };
		27B55CF519C9D4AE0018F328 /* Cocoa.framework */ = {isa = PBXFileReference; lastKnownFileType = wrapper.framework; name = Cocoa.framework; path = System/Library/Frameworks/Cocoa.framework; sourceTree = SDKROOT; };
		27B55CF819C9D4AE0018F328 /* AppKit.framework */ = {isa = PBXFileReference; lastKnownFileType = wrapper.framework; name = AppKit.framework; path = System/Library/Frameworks/AppKit.framework; sourceTree = SDKROOT; };
		27B55CF919C9D4AE0018F328 /* CoreData.framework */ = {isa = PBXFileReference; lastKnownFileType = wrapper.framework; name = CoreData.framework; path = System/Library/Frameworks/CoreData.framework; sourceTree = SDKROOT; };
		27B55CFA19C9D4AE0018F328 /* Foundation.framework */ = {isa = PBXFileReference; lastKnownFileType = wrapper.framework; name = Foundation.framework; path = System/Library/Frameworks/Foundation.framework; sourceTree = SDKROOT; };
		27B55CFD19C9D4AE0018F328 /* GeoMap-Info.plist */ = {isa = PBXFileReference; lastKnownFileType = text.plist.xml; path = "GeoMap-Info.plist"; sourceTree = "<group>"; };
		27B55CFF19C9D4AE0018F328 /* en */ = {isa = PBXFileReference; lastKnownFileType = text.plist.strings; name = en; path = en.lproj/InfoPlist.strings; sourceTree = "<group>"; };
		27B55D0119C9D4AE0018F328 /* main.m */ = {isa = PBXFileReference; lastKnownFileType = sourcecode.c.objc; path = main.m; sourceTree = "<group>"; };
		27B55D0319C9D4AE0018F328 /* GeoMap-Prefix.pch */ = {isa = PBXFileReference; lastKnownFileType = sourcecode.c.h; path = "GeoMap-Prefix.pch"; sourceTree = "<group>"; };
		27B55D0519C9D4AE0018F328 /* en */ = {isa = PBXFileReference; lastKnownFileType = text.rtf; name = en; path = en.lproj/Credits.rtf; sourceTree = "<group>"; };
		27B55D0719C9D4AE0018F328 /* GeoMapDocument.h */ = {isa = PBXFileReference; lastKnownFileType = sourcecode.c.h; path = GeoMapDocument.h; sourceTree = "<group>"; };
		27B55D0819C9D4AE0018F328 /* GeoMapDocument.m */ = {isa = PBXFileReference; lastKnownFileType = sourcecode.c.objc; path = GeoMapDocument.m; sourceTree = "<group>"; };
		27B55D0B19C9D4AE0018F328 /* Base */ = {isa = PBXFileReference; lastKnownFileType = file.xib; name = Base; path = Base.lproj/GeoMapDocument.xib; sourceTree = "<group>"; };
		27B55D0E19C9D4AE0018F328 /* Base */ = {isa = PBXFileReference; lastKnownFileType = file.xib; name = Base; path = Base.lproj/MainMenu.xib; sourceTree = "<group>"; };
		27B55D1019C9D4AE0018F328 /* Images.xcassets */ = {isa = PBXFileReference; lastKnownFileType = folder.assetcatalog; path = Images.xcassets; sourceTree = "<group>"; };
		27B55D1619C9D4AE0018F328 /* GeoMapTests.xctest */ = {isa = PBXFileReference; explicitFileType = wrapper.cfbundle; includeInIndex = 0; path = GeoMapTests.xctest; sourceTree = BUILT_PRODUCTS_DIR; };
		27B55D1719C9D4AE0018F328 /* XCTest.framework */ = {isa = PBXFileReference; lastKnownFileType = wrapper.framework; name = XCTest.framework; path = Library/Frameworks/XCTest.framework; sourceTree = DEVELOPER_DIR; };
		27B55D1E19C9D4AE0018F328 /* GeoMapTests-Info.plist */ = {isa = PBXFileReference; lastKnownFileType = text.plist.xml; path = "GeoMapTests-Info.plist"; sourceTree = "<group>"; };
		27B55D2019C9D4AE0018F328 /* en */ = {isa = PBXFileReference; lastKnownFileType = text.plist.strings; name = en; path = en.lproj/InfoPlist.strings; sourceTree = "<group>"; };
		27B55D2219C9D4AE0018F328 /* GeoMapTests.m */ = {isa = PBXFileReference; lastKnownFileType = sourcecode.c.objc; path = GeoMapTests.m; sourceTree = "<group>"; };
		27B55D2C19C9D4C60018F328 /* GeoMapToolbarItem.h */ = {isa = PBXFileReference; fileEncoding = 4; lastKnownFileType = sourcecode.c.h; path = GeoMapToolbarItem.h; sourceTree = "<group>"; };
		27B55D2D19C9D4C60018F328 /* GeoMapToolbarItem.m */ = {isa = PBXFileReference; fileEncoding = 4; lastKnownFileType = sourcecode.c.objc; path = GeoMapToolbarItem.m; sourceTree = "<group>"; };
		27B55D3019C9E6710018F328 /* GeoMapScrollView.h */ = {isa = PBXFileReference; fileEncoding = 4; lastKnownFileType = sourcecode.c.h; path = GeoMapScrollView.h; sourceTree = "<group>"; };
		27B55D3119C9E6720018F328 /* GeoMapScrollView.m */ = {isa = PBXFileReference; fileEncoding = 4; lastKnownFileType = sourcecode.c.objc; path = GeoMapScrollView.m; sourceTree = "<group>"; };
/* End PBXFileReference section */

/* Begin PBXFrameworksBuildPhase section */
		27B55CEF19C9D4AE0018F328 /* Frameworks */ = {
			isa = PBXFrameworksBuildPhase;
			buildActionMask = 2147483647;
			files = (
				27497F1E19DED523009B4E79 /* GDAL.framework in Frameworks */,
				27497F1F19DED523009B4E79 /* GEOS.framework in Frameworks */,
				27497F2019DED523009B4E79 /* PROJ.framework in Frameworks */,
				27497F2119DED523009B4E79 /* SQLite3.framework in Frameworks */,
				27497F2219DED523009B4E79 /* UnixImageIO.framework in Frameworks */,
			);
			runOnlyForDeploymentPostprocessing = 0;
		};
		27B55D1319C9D4AE0018F328 /* Frameworks */ = {
			isa = PBXFrameworksBuildPhase;
			buildActionMask = 2147483647;
			files = (
				27B55D1919C9D4AE0018F328 /* Cocoa.framework in Frameworks */,
				27B55D1819C9D4AE0018F328 /* XCTest.framework in Frameworks */,
			);
			runOnlyForDeploymentPostprocessing = 0;
		};
/* End PBXFrameworksBuildPhase section */

/* Begin PBXGroup section */
		27497F1819DED4D0009B4E79 /* GDAL */ = {
			isa = PBXGroup;
			children = (
				270F1D7C19DECC890047DD67 /* GDAL.framework */,
				270F1D7D19DECC890047DD67 /* GEOS.framework */,
				270F1D7E19DECC890047DD67 /* PROJ.framework */,
				270F1D7F19DECC890047DD67 /* SQLite3.framework */,
				270F1D8019DECC890047DD67 /* UnixImageIO.framework */,
			);
			path = GDAL;
			sourceTree = "<group>";
		};
		27B55CE919C9D4AE0018F328 = {
			isa = PBXGroup;
			children = (
				27497F1819DED4D0009B4E79 /* GDAL */,
				27B55CFB19C9D4AE0018F328 /* GeoMap */,
				27B55D1C19C9D4AE0018F328 /* GeoMapTests */,
				27B55CF419C9D4AE0018F328 /* Frameworks */,
				27B55CF319C9D4AE0018F328 /* Products */,
			);
			sourceTree = "<group>";
		};
		27B55CF319C9D4AE0018F328 /* Products */ = {
			isa = PBXGroup;
			children = (
				27B55CF219C9D4AE0018F328 /* GeoMap.app */,
				27B55D1619C9D4AE0018F328 /* GeoMapTests.xctest */,
			);
			name = Products;
			sourceTree = "<group>";
		};
		27B55CF419C9D4AE0018F328 /* Frameworks */ = {
			isa = PBXGroup;
			children = (
				27497F0E19DED3BC009B4E79 /* GDAL.framework */,
				27497F0F19DED3BC009B4E79 /* GEOS.framework */,
				27497F1019DED3BC009B4E79 /* PROJ.framework */,
				27497F1119DED3BC009B4E79 /* SQLite3.framework */,
				27497F1219DED3BC009B4E79 /* UnixImageIO.framework */,
				27B55CF519C9D4AE0018F328 /* Cocoa.framework */,
				27B55D1719C9D4AE0018F328 /* XCTest.framework */,
				27B55CF719C9D4AE0018F328 /* Other Frameworks */,
			);
			name = Frameworks;
			sourceTree = "<group>";
		};
		27B55CF719C9D4AE0018F328 /* Other Frameworks */ = {
			isa = PBXGroup;
			children = (
				27B55CF819C9D4AE0018F328 /* AppKit.framework */,
				27B55CF919C9D4AE0018F328 /* CoreData.framework */,
				27B55CFA19C9D4AE0018F328 /* Foundation.framework */,
			);
			name = "Other Frameworks";
			sourceTree = "<group>";
		};
		27B55CFB19C9D4AE0018F328 /* GeoMap */ = {
			isa = PBXGroup;
			children = (
				27B55D2C19C9D4C60018F328 /* GeoMapToolbarItem.h */,
				27B55D2D19C9D4C60018F328 /* GeoMapToolbarItem.m */,
				27B55D3019C9E6710018F328 /* GeoMapScrollView.h */,
				27B55D3119C9E6720018F328 /* GeoMapScrollView.m */,
				278CC20B19D33C04002E34C7 /* GeoMapImageView.h */,
				278CC20C19D33C04002E34C7 /* GeoMapImageView.m */,
				276A598519D9E9AC0013A00F /* GeoMapGCP.h */,
				276A598619D9E9AC0013A00F /* GeoMapGCP.m */,
				2758C36719DB01FB004810CF /* GeoMapToolbarButton.h */,
				2758C36819DB01FB004810CF /* GeoMapToolbarButton.m */,
				2758C36119DAF382004810CF /* GeoMapGCPTableCellView.h */,
				2758C36219DAF382004810CF /* GeoMapGCPTableCellView.m */,
				27B55D0719C9D4AE0018F328 /* GeoMapDocument.h */,
				27B55D0819C9D4AE0018F328 /* GeoMapDocument.m */,
				27497F2419DEDDF3009B4E79 /* GeoMapReproject.h */,
				27497F2319DEDDF3009B4E79 /* GeoMapReproject.cpp */,
				27B55D0A19C9D4AE0018F328 /* GeoMapDocument.xib */,
				27B55D0D19C9D4AE0018F328 /* MainMenu.xib */,
				27B55D1019C9D4AE0018F328 /* Images.xcassets */,
				27B55CFC19C9D4AE0018F328 /* Supporting Files */,
			);
			path = GeoMap;
			sourceTree = "<group>";
		};
		27B55CFC19C9D4AE0018F328 /* Supporting Files */ = {
			isa = PBXGroup;
			children = (
				27B55CFD19C9D4AE0018F328 /* GeoMap-Info.plist */,
				27B55CFE19C9D4AE0018F328 /* InfoPlist.strings */,
				27B55D0119C9D4AE0018F328 /* main.m */,
				27B55D0319C9D4AE0018F328 /* GeoMap-Prefix.pch */,
				27B55D0419C9D4AE0018F328 /* Credits.rtf */,
			);
			name = "Supporting Files";
			sourceTree = "<group>";
		};
		27B55D1C19C9D4AE0018F328 /* GeoMapTests */ = {
			isa = PBXGroup;
			children = (
				27B55D2219C9D4AE0018F328 /* GeoMapTests.m */,
				27B55D1D19C9D4AE0018F328 /* Supporting Files */,
			);
			path = GeoMapTests;
			sourceTree = "<group>";
		};
		27B55D1D19C9D4AE0018F328 /* Supporting Files */ = {
			isa = PBXGroup;
			children = (
				27B55D1E19C9D4AE0018F328 /* GeoMapTests-Info.plist */,
				27B55D1F19C9D4AE0018F328 /* InfoPlist.strings */,
			);
			name = "Supporting Files";
			sourceTree = "<group>";
		};
/* End PBXGroup section */

/* Begin PBXNativeTarget section */
		27B55CF119C9D4AE0018F328 /* GeoMap */ = {
			isa = PBXNativeTarget;
			buildConfigurationList = 27B55D2619C9D4AE0018F328 /* Build configuration list for PBXNativeTarget "GeoMap" */;
			buildPhases = (
				27B55CEE19C9D4AE0018F328 /* Sources */,
				27B55CEF19C9D4AE0018F328 /* Frameworks */,
				27B55CF019C9D4AE0018F328 /* Resources */,
				270F1D7A19DECC3A0047DD67 /* CopyFiles */,
				270F1D7B19DECC480047DD67 /* ShellScript */,
			);
			buildRules = (
			);
			dependencies = (
			);
			name = GeoMap;
			productName = GeoMap;
			productReference = 27B55CF219C9D4AE0018F328 /* GeoMap.app */;
			productType = "com.apple.product-type.application";
		};
		27B55D1519C9D4AE0018F328 /* GeoMapTests */ = {
			isa = PBXNativeTarget;
			buildConfigurationList = 27B55D2919C9D4AE0018F328 /* Build configuration list for PBXNativeTarget "GeoMapTests" */;
			buildPhases = (
				27B55D1219C9D4AE0018F328 /* Sources */,
				27B55D1319C9D4AE0018F328 /* Frameworks */,
				27B55D1419C9D4AE0018F328 /* Resources */,
			);
			buildRules = (
			);
			dependencies = (
				27B55D1B19C9D4AE0018F328 /* PBXTargetDependency */,
			);
			name = GeoMapTests;
			productName = GeoMapTests;
			productReference = 27B55D1619C9D4AE0018F328 /* GeoMapTests.xctest */;
			productType = "com.apple.product-type.bundle.unit-test";
		};
/* End PBXNativeTarget section */

/* Begin PBXProject section */
		27B55CEA19C9D4AE0018F328 /* Project object */ = {
			isa = PBXProject;
			attributes = {
				CLASSPREFIX = GeoMap;
				LastUpgradeCheck = 0510;
				ORGANIZATIONNAME = "John Daniel";
				TargetAttributes = {
					27B55D1519C9D4AE0018F328 = {
						TestTargetID = 27B55CF119C9D4AE0018F328;
					};
				};
			};
			buildConfigurationList = 27B55CED19C9D4AE0018F328 /* Build configuration list for PBXProject "GeoMap" */;
			compatibilityVersion = "Xcode 3.2";
			developmentRegion = English;
			hasScannedForEncodings = 0;
			knownRegions = (
				en,
				Base,
			);
			mainGroup = 27B55CE919C9D4AE0018F328;
			productRefGroup = 27B55CF319C9D4AE0018F328 /* Products */;
			projectDirPath = "";
			projectRoot = "";
			targets = (
				27B55CF119C9D4AE0018F328 /* GeoMap */,
				27B55D1519C9D4AE0018F328 /* GeoMapTests */,
			);
		};
/* End PBXProject section */

/* Begin PBXResourcesBuildPhase section */
		27B55CF019C9D4AE0018F328 /* Resources */ = {
			isa = PBXResourcesBuildPhase;
			buildActionMask = 2147483647;
			files = (
				27B55D0019C9D4AE0018F328 /* InfoPlist.strings in Resources */,
				27B55D1119C9D4AE0018F328 /* Images.xcassets in Resources */,
				27B55D0619C9D4AE0018F328 /* Credits.rtf in Resources */,
				27B55D0C19C9D4AE0018F328 /* GeoMapDocument.xib in Resources */,
				27B55D0F19C9D4AE0018F328 /* MainMenu.xib in Resources */,
			);
			runOnlyForDeploymentPostprocessing = 0;
		};
		27B55D1419C9D4AE0018F328 /* Resources */ = {
			isa = PBXResourcesBuildPhase;
			buildActionMask = 2147483647;
			files = (
				27B55D2119C9D4AE0018F328 /* InfoPlist.strings in Resources */,
			);
			runOnlyForDeploymentPostprocessing = 0;
		};
/* End PBXResourcesBuildPhase section */

/* Begin PBXShellScriptBuildPhase section */
		270F1D7B19DECC480047DD67 /* ShellScript */ = {
			isa = PBXShellScriptBuildPhase;
			buildActionMask = 12;
			files = (
			);
			inputPaths = (
			);
			outputPaths = (
			);
			runOnlyForDeploymentPostprocessing = 0;
			shellPath = /bin/sh;
			shellScript = "install_name_tool -change /Library/Frameworks/GDAL.framework/Versions/1.11/GDAL  @executable_path/../Frameworks/GDAL.framework/Versions/1.11/GDAL $TARGET_BUILD_DIR/$EXECUTABLE_FOLDER_PATH/$EXECUTABLE_NAME\ninstall_name_tool -change /Library/Frameworks/GEOS.framework/Versions/3/GEOS @executable_path/../Frameworks/GEOS.framework/Versions/3/GEOS $TARGET_BUILD_DIR/$EXECUTABLE_FOLDER_PATH/$EXECUTABLE_NAME\ninstall_name_tool -change /Library/Frameworks/PROJ.framework/Versions/4/PROJ @executable_path/../Frameworks/PROJ.framework/Versions/4/PROJ $TARGET_BUILD_DIR/$EXECUTABLE_FOLDER_PATH/$EXECUTABLE_NAME\ninstall_name_tool -change /Library/Frameworks/SQLite3.framework/Versions/B/SQLite3 @executable_path/../Frameworks/SQLite3.framework/Versions/B/SQLite3 $TARGET_BUILD_DIR/$EXECUTABLE_FOLDER_PATH/$EXECUTABLE_NAME\ninstall_name_tool -change /Library/Frameworks/UnixImageIO.framework/Versions/E/UnixImageIO @executable_path/../Frameworks/UnixImageIO.framework/Versions/E/UnixImageIO $TARGET_BUILD_DIR/$EXECUTABLE_FOLDER_PATH/$EXECUTABLE_NAME\n\ninstall_name_tool -change /Library/Frameworks/PROJ.framework/Versions/4/PROJ @executable_path/../Frameworks/PROJ.framework/Versions/4/PROJ $TARGET_BUILD_DIR/$CONTENTS_FOLDER_PATH/Frameworks/UnixImageIO.framework/Versions/E/UnixImageIO\n\ninstall_name_tool -change /Library/Frameworks/PROJ.framework/Versions/4/PROJ @executable_path/../Frameworks/PROJ.framework/Versions/4/PROJ $TARGET_BUILD_DIR/$CONTENTS_FOLDER_PATH/Frameworks/SQLite3.framework/Versions/B/SQLite3\ninstall_name_tool -change /Library/Frameworks/GEOS.framework/Versions/3/GEOS @executable_path/../Frameworks/GEOS.framework/Versions/3/GEOS $TARGET_BUILD_DIR/$CONTENTS_FOLDER_PATH/Frameworks/SQLite3.framework/Versions/B/SQLite3\ninstall_name_tool -change /Library/Frameworks/UnixImageIO.framework/Versions/E/UnixImageIO @executable_path/../Frameworks/UnixImageIO.framework/Versions/E/UnixImageIO $TARGET_BUILD_DIR/$CONTENTS_FOLDER_PATH/Frameworks/SQLite3.framework/Versions/B/SQLite3\n\ninstall_name_tool -change /Library/Frameworks/PROJ.framework/Versions/4/PROJ @executable_path/../Frameworks/PROJ.framework/Versions/4/PROJ $TARGET_BUILD_DIR/$CONTENTS_FOLDER_PATH/Frameworks/GDAL.framework/Versions/1.11/GDAL\ninstall_name_tool -change /Library/Frameworks/GEOS.framework/Versions/3/GEOS @executable_path/../Frameworks/GEOS.framework/Versions/3/GEOS $TARGET_BUILD_DIR/$CONTENTS_FOLDER_PATH/Frameworks/GDAL.framework/Versions/1.11/GDAL\ninstall_name_tool -change /Library/Frameworks/UnixImageIO.framework/Versions/E/UnixImageIO @executable_path/../Frameworks/UnixImageIO.framework/Versions/E/UnixImageIO  $TARGET_BUILD_DIR/$CONTENTS_FOLDER_PATH/Frameworks/GDAL.framework/Versions/1.11/GDAL\ninstall_name_tool -change /Library/Frameworks/SQLite3.framework/Versions/B/SQLite3 @executable_path/../Frameworks/SQLite3.framework/Versions/B/SQLite3 $TARGET_BUILD_DIR/$CONTENTS_FOLDER_PATH/Frameworks/GDAL.framework/Versions/1.11/GDAL\n\ninstall_name_tool -change /Library/Frameworks/PROJ.framework/Versions/4/PROJ @executable_path/../Frameworks/PROJ.framework/Versions/4/PROJ $TARGET_BUILD_DIR/$CONTENTS_FOLDER_PATH/Frameworks/GDAL.framework/Versions/1.11/Libraries/libogdi.dylib\n";
		};
/* End PBXShellScriptBuildPhase section */

/* Begin PBXSourcesBuildPhase section */
		27B55CEE19C9D4AE0018F328 /* Sources */ = {
			isa = PBXSourcesBuildPhase;
			buildActionMask = 2147483647;
			files = (
				2758C36919DB01FB004810CF /* GeoMapToolbarButton.m in Sources */,
				2758C36319DAF382004810CF /* GeoMapGCPTableCellView.m in Sources */,
				276A598719D9E9AC0013A00F /* GeoMapGCP.m in Sources */,
				27497F2519DEDDF3009B4E79 /* GeoMapReproject.cpp in Sources */,
				27B55D3219C9E6720018F328 /* GeoMapScrollView.m in Sources */,
				278CC20D19D33C04002E34C7 /* GeoMapImageView.m in Sources */,
				27B55D2E19C9D4C60018F328 /* GeoMapToolbarItem.m in Sources */,
				27B55D0219C9D4AE0018F328 /* main.m in Sources */,
				27B55D0919C9D4AE0018F328 /* GeoMapDocument.m in Sources */,
			);
			runOnlyForDeploymentPostprocessing = 0;
		};
		27B55D1219C9D4AE0018F328 /* Sources */ = {
			isa = PBXSourcesBuildPhase;
			buildActionMask = 2147483647;
			files = (
				27B55D2319C9D4AE0018F328 /* GeoMapTests.m in Sources */,
			);
			runOnlyForDeploymentPostprocessing = 0;
		};
/* End PBXSourcesBuildPhase section */

/* Begin PBXTargetDependency section */
		27B55D1B19C9D4AE0018F328 /* PBXTargetDependency */ = {
			isa = PBXTargetDependency;
			target = 27B55CF119C9D4AE0018F328 /* GeoMap */;
			targetProxy = 27B55D1A19C9D4AE0018F328 /* PBXContainerItemProxy */;
		};
/* End PBXTargetDependency section */

/* Begin PBXVariantGroup section */
		27B55CFE19C9D4AE0018F328 /* InfoPlist.strings */ = {
			isa = PBXVariantGroup;
			children = (
				27B55CFF19C9D4AE0018F328 /* en */,
			);
			name = InfoPlist.strings;
			sourceTree = "<group>";
		};
		27B55D0419C9D4AE0018F328 /* Credits.rtf */ = {
			isa = PBXVariantGroup;
			children = (
				27B55D0519C9D4AE0018F328 /* en */,
			);
			name = Credits.rtf;
			sourceTree = "<group>";
		};
		27B55D0A19C9D4AE0018F328 /* GeoMapDocument.xib */ = {
			isa = PBXVariantGroup;
			children = (
				27B55D0B19C9D4AE0018F328 /* Base */,
			);
			name = GeoMapDocument.xib;
			sourceTree = "<group>";
		};
		27B55D0D19C9D4AE0018F328 /* MainMenu.xib */ = {
			isa = PBXVariantGroup;
			children = (
				27B55D0E19C9D4AE0018F328 /* Base */,
			);
			name = MainMenu.xib;
			sourceTree = "<group>";
		};
		27B55D1F19C9D4AE0018F328 /* InfoPlist.strings */ = {
			isa = PBXVariantGroup;
			children = (
				27B55D2019C9D4AE0018F328 /* en */,
			);
			name = InfoPlist.strings;
			sourceTree = "<group>";
		};
/* End PBXVariantGroup section */

/* Begin XCBuildConfiguration section */
		27B55D2419C9D4AE0018F328 /* Debug */ = {
			isa = XCBuildConfiguration;
			buildSettings = {
				ALWAYS_SEARCH_USER_PATHS = NO;
				CLANG_CXX_LANGUAGE_STANDARD = "gnu++0x";
				CLANG_CXX_LIBRARY = "libc++";
				CLANG_ENABLE_MODULES = YES;
				CLANG_ENABLE_OBJC_ARC = YES;
				CLANG_WARN_BOOL_CONVERSION = YES;
				CLANG_WARN_CONSTANT_CONVERSION = YES;
				CLANG_WARN_DIRECT_OBJC_ISA_USAGE = YES_ERROR;
				CLANG_WARN_EMPTY_BODY = YES;
				CLANG_WARN_ENUM_CONVERSION = YES;
				CLANG_WARN_INT_CONVERSION = YES;
				CLANG_WARN_OBJC_ROOT_CLASS = YES_ERROR;
				CLANG_WARN__DUPLICATE_METHOD_MATCH = YES;
				COPY_PHASE_STRIP = NO;
				GCC_C_LANGUAGE_STANDARD = gnu99;
				GCC_DYNAMIC_NO_PIC = NO;
				GCC_ENABLE_OBJC_EXCEPTIONS = YES;
				GCC_OPTIMIZATION_LEVEL = 0;
				GCC_PREPROCESSOR_DEFINITIONS = (
					"DEBUG=1",
					"$(inherited)",
				);
				GCC_SYMBOLS_PRIVATE_EXTERN = NO;
				GCC_WARN_64_TO_32_BIT_CONVERSION = YES;
				GCC_WARN_ABOUT_RETURN_TYPE = YES_ERROR;
				GCC_WARN_UNDECLARED_SELECTOR = YES;
				GCC_WARN_UNINITIALIZED_AUTOS = YES_AGGRESSIVE;
				GCC_WARN_UNUSED_FUNCTION = YES;
				GCC_WARN_UNUSED_VARIABLE = YES;
				MACOSX_DEPLOYMENT_TARGET = 10.9;
				ONLY_ACTIVE_ARCH = YES;
				SDKROOT = macosx;
			};
			name = Debug;
		};
		27B55D2519C9D4AE0018F328 /* Release */ = {
			isa = XCBuildConfiguration;
			buildSettings = {
				ALWAYS_SEARCH_USER_PATHS = NO;
				CLANG_CXX_LANGUAGE_STANDARD = "gnu++0x";
				CLANG_CXX_LIBRARY = "libc++";
				CLANG_ENABLE_MODULES = YES;
				CLANG_ENABLE_OBJC_ARC = YES;
				CLANG_WARN_BOOL_CONVERSION = YES;
				CLANG_WARN_CONSTANT_CONVERSION = YES;
				CLANG_WARN_DIRECT_OBJC_ISA_USAGE = YES_ERROR;
				CLANG_WARN_EMPTY_BODY = YES;
				CLANG_WARN_ENUM_CONVERSION = YES;
				CLANG_WARN_INT_CONVERSION = YES;
				CLANG_WARN_OBJC_ROOT_CLASS = YES_ERROR;
				CLANG_WARN__DUPLICATE_METHOD_MATCH = YES;
				COPY_PHASE_STRIP = YES;
				DEBUG_INFORMATION_FORMAT = "dwarf-with-dsym";
				ENABLE_NS_ASSERTIONS = NO;
				GCC_C_LANGUAGE_STANDARD = gnu99;
				GCC_ENABLE_OBJC_EXCEPTIONS = YES;
				GCC_WARN_64_TO_32_BIT_CONVERSION = YES;
				GCC_WARN_ABOUT_RETURN_TYPE = YES_ERROR;
				GCC_WARN_UNDECLARED_SELECTOR = YES;
				GCC_WARN_UNINITIALIZED_AUTOS = YES_AGGRESSIVE;
				GCC_WARN_UNUSED_FUNCTION = YES;
				GCC_WARN_UNUSED_VARIABLE = YES;
				MACOSX_DEPLOYMENT_TARGET = 10.9;
				SDKROOT = macosx;
			};
			name = Release;
		};
		27B55D2719C9D4AE0018F328 /* Debug */ = {
			isa = XCBuildConfiguration;
			buildSettings = {
				ASSETCATALOG_COMPILER_APPICON_NAME = AppIcon;
				COMBINE_HIDPI_IMAGES = YES;
				FRAMEWORK_SEARCH_PATHS = (
					"$(inherited)",
					"$(LOCAL_LIBRARY_DIR)/Frameworks",
					"$(PROJECT_DIR)/GDAL",
				);
				GCC_PRECOMPILE_PREFIX_HEADER = YES;
				GCC_PREFIX_HEADER = "GeoMap/GeoMap-Prefix.pch";
				INFOPLIST_FILE = "GeoMap/GeoMap-Info.plist";
				OTHER_LDFLAGS = "-headerpad_max_install_names";
				PRODUCT_NAME = "$(TARGET_NAME)";
				WRAPPER_EXTENSION = app;
			};
			name = Debug;
		};
		27B55D2819C9D4AE0018F328 /* Release */ = {
			isa = XCBuildConfiguration;
			buildSettings = {
				ASSETCATALOG_COMPILER_APPICON_NAME = AppIcon;
				COMBINE_HIDPI_IMAGES = YES;
				FRAMEWORK_SEARCH_PATHS = (
					"$(inherited)",
					"$(LOCAL_LIBRARY_DIR)/Frameworks",
					"$(PROJECT_DIR)/GDAL",
				);
				GCC_PRECOMPILE_PREFIX_HEADER = YES;
				GCC_PREFIX_HEADER = "GeoMap/GeoMap-Prefix.pch";
				INFOPLIST_FILE = "GeoMap/GeoMap-Info.plist";
				OTHER_LDFLAGS = "-headerpad_max_install_names";
				PRODUCT_NAME = "$(TARGET_NAME)";
				WRAPPER_EXTENSION = app;
			};
			name = Release;
		};
		27B55D2A19C9D4AE0018F328 /* Debug */ = {
			isa = XCBuildConfiguration;
			buildSettings = {
				BUNDLE_LOADER = "$(BUILT_PRODUCTS_DIR)/GeoMap.app/Contents/MacOS/GeoMap";
				COMBINE_HIDPI_IMAGES = YES;
				FRAMEWORK_SEARCH_PATHS = (
					"$(DEVELOPER_FRAMEWORKS_DIR)",
					"$(inherited)",
				);
				GCC_PRECOMPILE_PREFIX_HEADER = YES;
				GCC_PREFIX_HEADER = "GeoMap/GeoMap-Prefix.pch";
				GCC_PREPROCESSOR_DEFINITIONS = (
					"DEBUG=1",
					"$(inherited)",
				);
				INFOPLIST_FILE = "GeoMapTests/GeoMapTests-Info.plist";
				PRODUCT_NAME = "$(TARGET_NAME)";
				TEST_HOST = "$(BUNDLE_LOADER)";
				WRAPPER_EXTENSION = xctest;
			};
			name = Debug;
		};
		27B55D2B19C9D4AE0018F328 /* Release */ = {
			isa = XCBuildConfiguration;
			buildSettings = {
				BUNDLE_LOADER = "$(BUILT_PRODUCTS_DIR)/GeoMap.app/Contents/MacOS/GeoMap";
				COMBINE_HIDPI_IMAGES = YES;
				FRAMEWORK_SEARCH_PATHS = (
					"$(DEVELOPER_FRAMEWORKS_DIR)",
					"$(inherited)",
				);
				GCC_PRECOMPILE_PREFIX_HEADER = YES;
				GCC_PREFIX_HEADER = "GeoMap/GeoMap-Prefix.pch";
				INFOPLIST_FILE = "GeoMapTests/GeoMapTests-Info.plist";
				PRODUCT_NAME = "$(TARGET_NAME)";
				TEST_HOST = "$(BUNDLE_LOADER)";
				WRAPPER_EXTENSION = xctest;
			};
			name = Release;
		};
/* End XCBuildConfiguration section */

/* Begin XCConfigurationList section */
		27B55CED19C9D4AE0018F328 /* Build configuration list for PBXProject "GeoMap" */ = {
			isa = XCConfigurationList;
			buildConfigurations = (
				27B55D2419C9D4AE0018F328 /* Debug */,
				27B55D2519C9D4AE0018F328 /* Release */,
			);
			defaultConfigurationIsVisible = 0;
			defaultConfigurationName = Release;
		};
		27B55D2619C9D4AE0018F328 /* Build configuration list for PBXNativeTarget "GeoMap" */ = {
			isa = XCConfigurationList;
			buildConfigurations = (
				27B55D2719C9D4AE0018F328 /* Debug */,
				27B55D2819C9D4AE0018F328 /* Release */,
			);
			defaultConfigurationIsVisible = 0;
			defaultConfigurationName = Release;
		};
		27B55D2919C9D4AE0018F328 /* Build configuration list for PBXNativeTarget "GeoMapTests" */ = {
			isa = XCConfigurationList;
			buildConfigurations = (
				27B55D2A19C9D4AE0018F328 /* Debug */,
				27B55D2B19C9D4AE0018F328 /* Release */,
			);
			defaultConfigurationIsVisible = 0;
			defaultConfigurationName = Release;
		};
/* End XCConfigurationList section */
	};
	rootObject = 27B55CEA19C9D4AE0018F328 /* Project object */;
}
